version = 1
revision = 3
requires-python = ">=3.10"

[[package]]
name = "expand-ruff-extend"
version = "0.1.0"
source = { editable = "." }
dependencies = [
    { name = "rich" },
    { name = "toml-rs" },
]

[package.metadata]
requires-dist = [
    { name = "rich", specifier = ">=14.2.0" },
    { name = "toml-rs", specifier = ">=0.2.2" },
]

[[package]]
name = "markdown-it-py"
version = "4.0.0"
source = { registry = "https://pypi.org/simple" }
dependencies = [
    { name = "mdurl" },
]
sdist = { url = "https://files.pythonhosted.org/packages/5b/f5/4ec618ed16cc4f8fb3b701563655a69816155e79e24a17b651541804721d/markdown_it_py-4.0.0.tar.gz", hash = "sha256:cb0a2b4aa34f932c007117b194e945bd74e0ec24133ceb5bac59009cda1cb9f3", size = 73070, upload-time = "2025-08-11T12:57:52.854Z" }
wheels = [
    { url = "https://files.pythonhosted.org/packages/94/54/e7d793b573f298e1c9013b8c4dade17d481164aa517d1d7148619c2cedbf/markdown_it_py-4.0.0-py3-none-any.whl", hash = "sha256:87327c59b172c5011896038353a81343b6754500a08cd7a4973bb48c6d578147", size = 87321, upload-time = "2025-08-11T12:57:51.923Z" },
]

[[package]]
name = "mdurl"
version = "0.1.2"
source = { registry = "https://pypi.org/simple" }
sdist = { url = "https://files.pythonhosted.org/packages/d6/54/cfe61301667036ec958cb99bd3efefba235e65cdeb9c84d24a8293ba1d90/mdurl-0.1.2.tar.gz", hash = "sha256:bb413d29f5eea38f31dd4754dd7377d4465116fb207585f97bf925588687c1ba", size = 8729, upload-time = "2022-08-14T12:40:10.846Z" }
wheels = [
    { url = "https://files.pythonhosted.org/packages/b3/38/89ba8ad64ae25be8de66a6d463314cf1eb366222074cfda9ee839c56a4b4/mdurl-0.1.2-py3-none-any.whl", hash = "sha256:84008a41e51615a49fc9966191ff91509e3c40b939176e643fd50a5c2196b8f8", size = 9979, upload-time = "2022-08-14T12:40:09.779Z" },
]

[[package]]
name = "pygments"
version = "2.19.2"
source = { registry = "https://pypi.org/simple" }
sdist = { url = "https://files.pythonhosted.org/packages/b0/77/a5b8c569bf593b0140bde72ea885a803b82086995367bf2037de0159d924/pygments-2.19.2.tar.gz", hash = "sha256:636cb2477cec7f8952536970bc533bc43743542f70392ae026374600add5b887", size = 4968631, upload-time = "2025-06-21T13:39:12.283Z" }
wheels = [
    { url = "https://files.pythonhosted.org/packages/c7/21/705964c7812476f378728bdf590ca4b771ec72385c533964653c68e86bdc/pygments-2.19.2-py3-none-any.whl", hash = "sha256:86540386c03d588bb81d44bc3928634ff26449851e99741617ecb9037ee5ec0b", size = 1225217, upload-time = "2025-06-21T13:39:07.939Z" },
]

[[package]]
name = "rich"
version = "14.2.0"
source = { registry = "https://pypi.org/simple" }
dependencies = [
    { name = "markdown-it-py" },
    { name = "pygments" },
]
sdist = { url = "https://files.pythonhosted.org/packages/fb/d2/8920e102050a0de7bfabeb4c4614a49248cf8d5d7a8d01885fbb24dc767a/rich-14.2.0.tar.gz", hash = "sha256:73ff50c7c0c1c77c8243079283f4edb376f0f6442433aecb8ce7e6d0b92d1fe4", size = 219990, upload-time = "2025-10-09T14:16:53.064Z" }
wheels = [
    { url = "https://files.pythonhosted.org/packages/25/7a/b0178788f8dc6cafce37a212c99565fa1fe7872c70c6c9c1e1a372d9d88f/rich-14.2.0-py3-none-any.whl", hash = "sha256:76bc51fe2e57d2b1be1f96c524b890b816e334ab4c1e45888799bfaab0021edd", size = 243393, upload-time = "2025-10-09T14:16:51.245Z" },
]

[[package]]
name = "toml-rs"
version = "0.2.2"
source = { registry = "https://pypi.org/simple" }
sdist = { url = "https://files.pythonhosted.org/packages/c4/70/ca9e32bbe77f437f44d390f6c6a1239b0777c017109fcb518f30e0f85bcc/toml_rs-0.2.2.tar.gz", hash = "sha256:8215def1aec75db46ca2e0bb3dd520aea0b6605ce4befe33143d10fbd9af34b5", size = 126243, upload-time = "2025-12-30T15:59:45.502Z" }
wheels = [
    { url = "https://files.pythonhosted.org/packages/44/d3/d61ca926c8c8ccaf4163d6cebb1229c64e46cba601830287bf1778b087da/toml_rs-0.2.2-cp310-cp310-macosx_10_12_x86_64.whl", hash = "sha256:a5b23a4f6db206cd648d00045341150164a178cc4b51d7c92431fd77a863d5b4", size = 458968, upload-time = "2025-12-30T15:58:53.265Z" },
    { url = "https://files.pythonhosted.org/packages/71/73/73f8e764fba26f6779498244020610b364777acb1aa0046eb26ff98c37fb/toml_rs-0.2.2-cp310-cp310-macosx_11_0_arm64.whl", hash = "sha256:874cc98e0fd106481afc4d49cc0376f0c1fba69bfaecb8bbdb7c5c388b1f8c72", size = 436667, upload-time = "2025-12-30T15:58:44.233Z" },
    { url = "https://files.pythonhosted.org/packages/e7/e9/229f07ce18fd3134a9f1b7f5a992ab69afe9cdf21ceea46eb140ed0e0346/toml_rs-0.2.2-cp310-cp310-manylinux_2_17_aarch64.manylinux2014_aarch64.whl", hash = "sha256:c1eeb0086b40567b1a2270b33068c86c298eaae289bf6a85cecbe01e7ccf6b95", size = 466323, upload-time = "2025-12-30T15:57:39.989Z" },
    { url = "https://files.pythonhosted.org/packages/f9/65/977145488e9a156adc1f5abd8547c2ba35fecc51579933e92da49635e21d/toml_rs-0.2.2-cp310-cp310-manylinux_2_17_armv7l.manylinux2014_armv7l.whl", hash = "sha256:c332d446d25dbb5c83f22bc4e1c310080e8ddd0c86f0777ce7e0794df1a62ff3", size = 430339, upload-time = "2025-12-30T15:57:51.756Z" },
    { url = "https://files.pythonhosted.org/packages/27/a1/11b24f2ab85df13fe500fc5d6babc5131eeaca7e7b679f7e579f140cb6a5/toml_rs-0.2.2-cp310-cp310-manylinux_2_17_ppc64le.manylinux2014_ppc64le.whl", hash = "sha256:7948d1d4f4d9678b0964669df5418e0a60d105e067c0e3ca2b0bd40ca740eb11", size = 488619, upload-time = "2025-12-30T15:58:02.564Z" },
    { url = "https://files.pythonhosted.org/packages/45/eb/98b5fc0c003e5e5bc08e297097eb14015a724b71b456214906a3eb70ceeb/toml_rs-0.2.2-cp310-cp310-manylinux_2_17_s390x.manylinux2014_s390x.whl", hash = "sha256:466d3ca56ebfde2b0f7a3b1780ee76cf413392d372c6c708b15b152194113224", size = 518886, upload-time = "2025-12-30T15:58:14.03Z" },
    { url = "https://files.pythonhosted.org/packages/40/73/f9542c871ce524037430f402597c5d079a22e67705165a2a13cad5f26d54/toml_rs-0.2.2-cp310-cp310-manylinux_2_17_x86_64.manylinux2014_x86_64.whl", hash = "sha256:a83864482bcfc91040a68e0503622e975f1be06808591537b752ea3de4d53ee2", size = 482552, upload-time = "2025-12-30T15:58:34.733Z" },
    { url = "https://files.pythonhosted.org/packages/92/c5/0ac58ebc33924221f505a36b69d8d3fe1d4bd69eb5ecb559bc87a5e5665a/toml_rs-0.2.2-cp310-cp310-manylinux_2_5_i686.manylinux1_i686.whl", hash = "sha256:cf912502995acf2af780639ea3578a8e80fcb3736f47f4f063660b1bb2db2889", size = 507322, upload-time = "2025-12-30T15:58:25.3Z" },
    { url = "https://files.pythonhosted.org/packages/e8/17/4e84dbde0d5fbe2dabedd664a3ece428006a831fbc571e4db199ca7f62af/toml_rs-0.2.2-cp310-cp310-musllinux_1_2_aarch64.whl", hash = "sha256:d6712930f6d51ed32c17730a8b2abda1b4ba66c9a6eefcc63cc857842880bc54", size = 641995, upload-time = "2025-12-30T15:59:03.229Z" },
    { url = "https://files.pythonhosted.org/packages/3d/a1/e2341390e80e3e8e33089ada7c6d093a731053a00ad14944d634674b99ff/toml_rs-0.2.2-cp310-cp310-musllinux_1_2_armv7l.whl", hash = "sha256:9470f22ffe3d1970990563540cb337d2bd256eb9e722844b480f65c525c3aa36", size = 741368, upload-time = "2025-12-30T15:59:13.509Z" },
    { url = "https://files.pythonhosted.org/packages/40/d4/821b88f1a86659cec952bb8d16156989c650747813d86b25835866ec9464/toml_rs-0.2.2-cp310-cp310-musllinux_1_2_i686.whl", hash = "sha256:81c727f114dde08eb535a89978e56d85ee7548ffdcbf591c3da475463a3fc75a", size = 722004, upload-time = "2025-12-30T15:59:24.049Z" },
    { url = "https://files.pythonhosted.org/packages/42/fd/ec005c8049069e6c26c5b8c66d54769a4a7fcf9bcd047bde658f7067e5f8/toml_rs-0.2.2-cp310-cp310-musllinux_1_2_x86_64.whl", hash = "sha256:eb016e76a3b0e426ae11190cfb9ecbb1d6825b6441c025d6cec77ca1a32f3198", size = 694962, upload-time = "2025-12-30T15:59:34.537Z" },
    { url = "https://files.pythonhosted.org/packages/1d/82/94dd9a713988733c1d2a88fbf7d5cddfc9b4753cf2012d48819b9822d3bb/toml_rs-0.2.2-cp310-cp310-win32.whl", hash = "sha256:1fb7d4c166e36a3229c408358ffbf0b88abe4173b121e3b1cf02b2c1337427f8", size = 368395, upload-time = "2025-12-30T15:59:57.714Z" },
    { url = "https://files.pythonhosted.org/packages/db/19/dafbbff925f8b20eb0e69130bc9b320f2468733f0e597fe4922475b7f97f/toml_rs-0.2.2-cp310-cp310-win_amd64.whl", hash = "sha256:afefc08d3757af37e401da94d5f3b4dc3acd28246eb550b277d6e7ddd2a938e1", size = 394797, upload-time = "2025-12-30T15:59:46.45Z" },
    { url = "https://files.pythonhosted.org/packages/a1/17/e07a443d11892330cfd8adaecdb4e25f2eb9925dea9eaaad9fbd3e1d4667/toml_rs-0.2.2-cp311-cp311-macosx_10_12_x86_64.whl", hash = "sha256:4476437754c4c60bef31fc225a631ffb3d96981d28ccdf74c0c66169a40dff22", size = 459011, upload-time = "2025-12-30T15:58:54.307Z" },
    { url = "https://files.pythonhosted.org/packages/fa/45/b35feea8c9b85fce294032d33d014e3e58cfb208233e95b6625e089d9f59/toml_rs-0.2.2-cp311-cp311-macosx_11_0_arm64.whl", hash = "sha256:6871e3b9f2117d3aaf1f8bef051813b0e6875748cd98ce67d5762ba4b557cf29", size = 436770, upload-time = "2025-12-30T15:58:45.447Z" },
    { url = "https://files.pythonhosted.org/packages/92/ff/59875406d5b19cbe1125e1c75101f7445d2025daa333ea5e9bde740f74d3/toml_rs-0.2.2-cp311-cp311-manylinux_2_17_aarch64.manylinux2014_aarch64.whl", hash = "sha256:3f87b33f9afd9fd08970d361cd792aeb47e204c10b7dbe194903623b909f76bf", size = 466320, upload-time = "2025-12-30T15:57:41.601Z" },
    { url = "https://files.pythonhosted.org/packages/93/35/605f82c3431dffa18c201c0ec1021056f85d29a93203cca1ca2cdc40f78a/toml_rs-0.2.2-cp311-cp311-manylinux_2_17_armv7l.manylinux2014_armv7l.whl", hash = "sha256:2b8bda38396c58b89c411a936bbb2916c8604c96e5f39e8d0e538daddf47b367", size = 429775, upload-time = "2025-12-30T15:57:53.131Z" },
    { url = "https://files.pythonhosted.org/packages/d6/cc/9946828d0813f125215e8dfea0b0f643b5a2d2280e443b08bf9750d85ef7/toml_rs-0.2.2-cp311-cp311-manylinux_2_17_ppc64le.manylinux2014_ppc64le.whl", hash = "sha256:ceb2cf634fd78f4870c27bf499c93212d3b22d4c104877e3a5cc09c2870d99db", size = 488821, upload-time = "2025-12-30T15:58:03.693Z" },
    { url = "https://files.pythonhosted.org/packages/28/42/e33f986d1fd7e6b46f602de8e8aca5aeb80362179c9aa6abaca6b38e127e/toml_rs-0.2.2-cp311-cp311-manylinux_2_17_s390x.manylinux2014_s390x.whl", hash = "sha256:34c6caea04038d00293502ba979870fb0e00e5e16cc3c8825829edbab78da136", size = 518906, upload-time = "2025-12-30T15:58:15.243Z" },
    { url = "https://files.pythonhosted.org/packages/ce/bc/5266a1a66000f1c4dafc9570af20182604dc7aa95556052b30254a311788/toml_rs-0.2.2-cp311-cp311-manylinux_2_17_x86_64.manylinux2014_x86_64.whl", hash = "sha256:7acfac943d40dd8a70fd287b9cc4782a7ffc9303b2376a19a62aeb0746cd76c6", size = 482512, upload-time = "2025-12-30T15:58:35.748Z" },
    { url = "https://files.pythonhosted.org/packages/ac/f5/b3f32a59bdba504b8e3a45cc4cf835054623ac1d3aeb9c53763049da3016/toml_rs-0.2.2-cp311-cp311-manylinux_2_5_i686.manylinux1_i686.whl", hash = "sha256:1d62b1c40200e3add7110e6f43bbcfb29071ef5779e572f392e17242463f1c8e", size = 507637, upload-time = "2025-12-30T15:58:26.752Z" },
    { url = "https://files.pythonhosted.org/packages/cd/0f/e36e9e60dd69ddb1016e395547e98af4caaaa06f57dac2f430ff571ed7ed/toml_rs-0.2.2-cp311-cp311-musllinux_1_2_aarch64.whl", hash = "sha256:2fa85d4f32c1be2f827ed7bdb77facb8a4f0799b69a1302025c80724e692f811", size = 641948, upload-time = "2025-12-30T15:59:04.312Z" },
    { url = "https://files.pythonhosted.org/packages/6a/c0/34d3a13322f99a53285a7b2aa9331cbe01f13a2e37fa9234ecb7e3211ac7/toml_rs-0.2.2-cp311-cp311-musllinux_1_2_armv7l.whl", hash = "sha256:aecee247320e499c20a3ffa2db009ee906d5dec08867648fd24f1b99c9a76dd4", size = 741031, upload-time = "2025-12-30T15:59:14.68Z" },
    { url = "https://files.pythonhosted.org/packages/48/05/85f7b0d40931b91fc6ca420b702e803eea44b7f99b9c16f13edec7e8c5f7/toml_rs-0.2.2-cp311-cp311-musllinux_1_2_i686.whl", hash = "sha256:56b1830f5428e8bc6b02e6fd504efd54e1391c1ee9744c894f247215c70b160c", size = 722131, upload-time = "2025-12-30T15:59:25.334Z" },
    { url = "https://files.pythonhosted.org/packages/82/24/e66318750023de14d9f0957b66d192a7760697fd1800174d040a0646f8ba/toml_rs-0.2.2-cp311-cp311-musllinux_1_2_x86_64.whl", hash = "sha256:e348f71ce21cc9525eb7d9574efc6b1dda30d64f71933f7faea742c9e897d5c2", size = 694963, upload-time = "2025-12-30T15:59:35.764Z" },
    { url = "https://files.pythonhosted.org/packages/f3/d7/571127171e96753a0533fec4a621470872cae6acd21193928f937cb2e4cc/toml_rs-0.2.2-cp311-cp311-win32.whl", hash = "sha256:d50829ee771840c798daa97efb72e9dc738122f460fe22016a5a19641288cf03", size = 368062, upload-time = "2025-12-30T15:59:59.039Z" },
    { url = "https://files.pythonhosted.org/packages/e7/a2/cf55b25ba436343e3f8473c42bb0d61624badce5333365484d0ffcebcb15/toml_rs-0.2.2-cp311-cp311-win_amd64.whl", hash = "sha256:e524e4070a6efca8de000f533dbdb99d045728f959cbb81194aa946e685314da", size = 394855, upload-time = "2025-12-30T15:59:48.055Z" },
    { url = "https://files.pythonhosted.org/packages/80/d9/869b48ee5114e5c214cfa20b35b14598849a202994c4eedc558904806b0b/toml_rs-0.2.2-cp312-cp312-macosx_10_12_x86_64.whl", hash = "sha256:884f6f991ba350c1db90b0ea80bed69818930261251642d197d2b286e4c64c47", size = 459040, upload-time = "2025-12-30T15:58:55.384Z" },
    { url = "https://files.pythonhosted.org/packages/dd/db/b4ffea4c390e22db61de65e8e945b0460ebcc62d4abf85fa0601cca4e395/toml_rs-0.2.2-cp312-cp312-macosx_11_0_arm64.whl", hash = "sha256:a3cad9f06744dc2d9f5380b402903a25251d63ad58170d32de80d5c1791b978a", size = 436304, upload-time = "2025-12-30T15:58:46.694Z" },
    { url = "https://files.pythonhosted.org/packages/11/a7/d275f6beda1ba09a49818a939bee34e215c5608a5e70aa6ba21e79de42c9/toml_rs-0.2.2-cp312-cp312-manylinux_2_17_aarch64.manylinux2014_aarch64.whl", hash = "sha256:bb564241d21d5da0afb7688763df44a57a65545ac8346b5369bbdf4d616c1ab5", size = 466319, upload-time = "2025-12-30T15:57:42.696Z" },
    { url = "https://files.pythonhosted.org/packages/a0/b7/91fc1760574dacf74e57808c195302db4cf3a693f1fbdd36ce2ebb21d2b1/toml_rs-0.2.2-cp312-cp312-manylinux_2_17_armv7l.manylinux2014_armv7l.whl", hash = "sha256:b3c00a1ec1eebd76feb2fd901de8d89850a6e2af6aa43c4cd7a1fa1259bee19d", size = 429732, upload-time = "2025-12-30T15:57:54.159Z" },
    { url = "https://files.pythonhosted.org/packages/37/19/dc209da735e0d4ca76df31acbb0cc9dddda493881519259881592f0ea497/toml_rs-0.2.2-cp312-cp312-manylinux_2_17_ppc64le.manylinux2014_ppc64le.whl", hash = "sha256:af64a2e85c623d00b71a69aa5a71dc840f613856489382d5b143e33d733a2d78", size = 488921, upload-time = "2025-12-30T15:58:04.791Z" },
    { url = "https://files.pythonhosted.org/packages/0b/ff/74584f461b4b5bda19852ad437f0b677610a2c45bca24ccf8c76c1249cfd/toml_rs-0.2.2-cp312-cp312-manylinux_2_17_s390x.manylinux2014_s390x.whl", hash = "sha256:86053942ce8c1ed0adfaaa0128bb16786dab48ebdfc0b90c731f7662a18d1a77", size = 518775, upload-time = "2025-12-30T15:58:16.427Z" },
    { url = "https://files.pythonhosted.org/packages/42/a5/7950aac2f7efdb149da98680d1cdda8f5c694bcd0f2c72307d3e0bb7a40b/toml_rs-0.2.2-cp312-cp312-manylinux_2_17_x86_64.manylinux2014_x86_64.whl", hash = "sha256:c8f770de22a56045c53833012cf95d71b8d4ccc9a89fac3ab3e0d2f644fe33f1", size = 483258, upload-time = "2025-12-30T15:58:37.163Z" },
    { url = "https://files.pythonhosted.org/packages/c3/34/870ffc9e7350ffb3e875bb0a26165d140da5db7e1e32bc4d7aaa4a513673/toml_rs-0.2.2-cp312-cp312-manylinux_2_5_i686.manylinux1_i686.whl", hash = "sha256:21226aa0ae70a2a4003d9548975224a57cbae725da623540371c6069eda438a8", size = 508142, upload-time = "2025-12-30T15:58:28.466Z" },
    { url = "https://files.pythonhosted.org/packages/22/2f/6fe7142cb432b77aaac5881e1c4bda58076190f82ddb5caadb3b69007e88/toml_rs-0.2.2-cp312-cp312-musllinux_1_2_aarch64.whl", hash = "sha256:54ee3efaebaac538f723fb30e23dfc5dc524ed837d10bba0059b2fba4d05c82b", size = 642075, upload-time = "2025-12-30T15:59:05.383Z" },
    { url = "https://files.pythonhosted.org/packages/9f/d7/9359ef11ba64cfacc6956c478a0e567372b5898f8988231b483f7edc335c/toml_rs-0.2.2-cp312-cp312-musllinux_1_2_armv7l.whl", hash = "sha256:46e5ec1b4f67d6f29e801650bf760c878c5f4be05a625a1b9475e54ac3cfe277", size = 740784, upload-time = "2025-12-30T15:59:16.144Z" },
    { url = "https://files.pythonhosted.org/packages/af/fc/f69acea00c9781adb07a3c3adc52829e0c236dd549b2c9a88d31960b208f/toml_rs-0.2.2-cp312-cp312-musllinux_1_2_i686.whl", hash = "sha256:772ca480eafe489447f781aabb5103725db993964619f4c3ed3361b65c22feef", size = 722789, upload-time = "2025-12-30T15:59:26.566Z" },
    { url = "https://files.pythonhosted.org/packages/74/d8/72dc1539d6ca5db100db887b919f3f8093b64fdc48eb131c37db35f6a840/toml_rs-0.2.2-cp312-cp312-musllinux_1_2_x86_64.whl", hash = "sha256:04eeed6868d4dd892d6f0f0d0f194d3ad83705223ffcf3068d7cbc701696de20", size = 695567, upload-time = "2025-12-30T15:59:36.979Z" },
    { url = "https://files.pythonhosted.org/packages/76/21/f4be9206dfa060ab548211cc31a76b8a72b1005317ace7e91b9d705b4de3/toml_rs-0.2.2-cp312-cp312-win32.whl", hash = "sha256:608fe65a2373bc5ef231441277b0c5e08ba9ced4b5cbac72efd37571176185f7", size = 368152, upload-time = "2025-12-30T16:00:00.343Z" },
    { url = "https://files.pythonhosted.org/packages/a6/c3/ac4f30fa0c22c94ee71e9333d43bf01aa9b79a3a7a56d2b7b930d0c1229e/toml_rs-0.2.2-cp312-cp312-win_amd64.whl", hash = "sha256:e6eaa1fbe181bf8622552d9748425f8294c9b3ffdb1ab3a99ccde9d33cf52e4f", size = 395778, upload-time = "2025-12-30T15:59:49.212Z" },
    { url = "https://files.pythonhosted.org/packages/e1/d0/0c18bcee73d84d376b4729f2c442b1aa9fe3ad9e0cad5ced2640dfa496fc/toml_rs-0.2.2-cp313-cp313-macosx_10_12_x86_64.whl", hash = "sha256:375fe0d5622996283dbb011585549fef6b6d35adc399bc4bf8a52b058a7f4678", size = 458709, upload-time = "2025-12-30T15:58:56.54Z" },
    { url = "https://files.pythonhosted.org/packages/16/70/d6a6b063d9e38ccaf736369d9846f118e9f2fb420f2c4c7299063ab20442/toml_rs-0.2.2-cp313-cp313-macosx_11_0_arm64.whl", hash = "sha256:492da9ac6ae69a71ec0642e05263d75e7f77ccb1090a170ba26b5f5f03bd5014", size = 436035, upload-time = "2025-12-30T15:58:47.827Z" },
    { url = "https://files.pythonhosted.org/packages/ae/6e/8c9477d072b18615ad603abe69dbc27bfc165679180f53ea25d252d803e4/toml_rs-0.2.2-cp313-cp313-manylinux_2_17_aarch64.manylinux2014_aarch64.whl", hash = "sha256:d3384613a504eec263c6ccb561038f2d892ab6dee4767bd6239b4d19cb46f32d", size = 466098, upload-time = "2025-12-30T15:57:43.808Z" },
    { url = "https://files.pythonhosted.org/packages/a7/2c/638c115cfe474b624ac32b64f574f9ee16169a6ed4e1493e4a0a54408161/toml_rs-0.2.2-cp313-cp313-manylinux_2_17_armv7l.manylinux2014_armv7l.whl", hash = "sha256:7d08fa0794a8224db671585445adc4e3c57edc005c6ca16bd34735c2010fea78", size = 429412, upload-time = "2025-12-30T15:57:56.793Z" },
    { url = "https://files.pythonhosted.org/packages/d4/4a/b7badb5cc89f0204065eb5f4fce9f10289c3385346190883e51aec690bb8/toml_rs-0.2.2-cp313-cp313-manylinux_2_17_ppc64le.manylinux2014_ppc64le.whl", hash = "sha256:f638b175c5c346f06fcfab080561ea4eb084901cf5a2c516787f08cc1d84b95a", size = 488536, upload-time = "2025-12-30T15:58:06.89Z" },
    { url = "https://files.pythonhosted.org/packages/7a/59/d849b272f3b4611a305d76e58de5d5cff7cc4870188ec383af94aba99697/toml_rs-0.2.2-cp313-cp313-manylinux_2_17_s390x.manylinux2014_s390x.whl", hash = "sha256:55d41e0daa41235b857925be29f260571541cd514938b8f2be1ec52f6ac0ce9b", size = 518234, upload-time = "2025-12-30T15:58:17.805Z" },
    { url = "https://files.pythonhosted.org/packages/68/e1/c9f52a3d282582a7e643cd3554cc84dc6aa3c893d1364451de485e2c71e6/toml_rs-0.2.2-cp313-cp313-manylinux_2_17_x86_64.manylinux2014_x86_64.whl", hash = "sha256:5daaa2c03b9b31ac6ab5852b108065e39d28e17f9b03afbe5741aa7c93f5d875", size = 482895, upload-time = "2025-12-30T15:58:38.314Z" },
    { url = "https://files.pythonhosted.org/packages/1e/40/ca33b2cbff59a47e9ad12bcc07781a9ffdc17d108b21e2a252e2134d3ba8/toml_rs-0.2.2-cp313-cp313-manylinux_2_5_i686.manylinux1_i686.whl", hash = "sha256:e9f7d9c885aac5825d2cb42d1c3f4fc616d26c947fc63ffd642f76a7219fd299", size = 507814, upload-time = "2025-12-30T15:58:29.469Z" },
    { url = "https://files.pythonhosted.org/packages/d3/7f/846af3187f9abf64c919abb64fafe2514525ebf86df537ae2a3f51adac9c/toml_rs-0.2.2-cp313-cp313-musllinux_1_2_aarch64.whl", hash = "sha256:534cea3548ca291cb979e128f5eef627543dbe6795e54fb6f03eb455f93df948", size = 641941, upload-time = "2025-12-30T15:59:06.468Z" },
    { url = "https://files.pythonhosted.org/packages/79/fa/599164323677c754d270ef504f937ab9938701fd2821d83a61bf112847c3/toml_rs-0.2.2-cp313-cp313-musllinux_1_2_armv7l.whl", hash = "sha256:af00216907eaaec37b4a8b5192d9e4cb9a6b5ee1d497d1105534a3c503263bb0", size = 740547, upload-time = "2025-12-30T15:59:17.339Z" },
    { url = "https://files.pythonhosted.org/packages/58/21/1271f999b22a8f768676af1cafb4559d2994dde2e5bf20ae736a85402dda/toml_rs-0.2.2-cp313-cp313-musllinux_1_2_i686.whl", hash = "sha256:05d85b6f48e7df4ba535dbe9e9f6eab095b09ed947b19d435b88042b700999c8", size = 722613, upload-time = "2025-12-30T15:59:27.779Z" },
    { url = "https://files.pythonhosted.org/packages/bf/54/c1e3bea1c52e912162a9c553257e83b8d1092634f80bc87f960a922d0987/toml_rs-0.2.2-cp313-cp313-musllinux_1_2_x86_64.whl", hash = "sha256:a907baa602406691af87ac15e019d70a40b42e0798804f047d7e00cc603425b6", size = 695338, upload-time = "2025-12-30T15:59:38.49Z" },
    { url = "https://files.pythonhosted.org/packages/72/b3/95b5b2445b36ccc152c4a8c8466233eb78b5e0928d55ad416a7d6747ad86/toml_rs-0.2.2-cp313-cp313-win32.whl", hash = "sha256:3f079b1bfddae077f5743a4812a46114679027f7bc847c23f6a37e5a01ec9123", size = 367902, upload-time = "2025-12-30T16:00:01.781Z" },
    { url = "https://files.pythonhosted.org/packages/d1/43/22d0c3e728c44000440585a0ae324031d56f357adfc027258cc3b36f6004/toml_rs-0.2.2-cp313-cp313-win_amd64.whl", hash = "sha256:33f0ed8a7adf78376e6a68797cb31650a9addb92a3fc4741070b3e1c661a502b", size = 395265, upload-time = "2025-12-30T15:59:50.451Z" },
    { url = "https://files.pythonhosted.org/packages/ec/62/6af2eec5cbee6309049012cbcd3ae2d2aef3aa4807184b857acee52e1ac8/toml_rs-0.2.2-cp313-cp313t-macosx_10_12_x86_64.whl", hash = "sha256:fa7ae02a298691b84721d70a59bdbdd52bc06267f32162d180d28fdc6fa0a593", size = 457199, upload-time = "2025-12-30T15:58:57.852Z" },
    { url = "https://files.pythonhosted.org/packages/76/b4/58bc71c6fa08660e1a9aed70ae92cda73e51467befde6e960369028ebe8f/toml_rs-0.2.2-cp313-cp313t-macosx_11_0_arm64.whl", hash = "sha256:1680454d47691e6005a72331f85830826f6740de8674c45271c5e59fafabd34b", size = 433803, upload-time = "2025-12-30T15:58:48.87Z" },
    { url = "https://files.pythonhosted.org/packages/7d/e8/01a7233e0e85b051dd0ccce21690200b0a279e15eb5cab5d4647e8ead37e/toml_rs-0.2.2-cp313-cp313t-manylinux_2_17_aarch64.manylinux2014_aarch64.whl", hash = "sha256:aedb28b32dfa101b8fa34440e2c31b8366d76efa8853c80580708d86fe0cf7b1", size = 463328, upload-time = "2025-12-30T15:57:45.191Z" },
    { url = "https://files.pythonhosted.org/packages/5f/53/5770e5e35e5614890df521f85e56de1bc125ad3c3e0891e33bd759746bc4/toml_rs-0.2.2-cp313-cp313t-manylinux_2_17_armv7l.manylinux2014_armv7l.whl", hash = "sha256:69ca1b7104fa23f44ed920c7745c307ac8ac7740072e555c68bdf6c31da91a2c", size = 427266, upload-time = "2025-12-30T15:57:57.829Z" },
    { url = "https://files.pythonhosted.org/packages/34/3e/2283138cc9f2174ad24455e210f14d82e1b9846c69ae8d05fdede9d55c2f/toml_rs-0.2.2-cp313-cp313t-manylinux_2_17_ppc64le.manylinux2014_ppc64le.whl", hash = "sha256:5e5535f5f0c8574bf31c9a3a1eeb5926bd434c4100a770723c84ddd4218da19a", size = 485700, upload-time = "2025-12-30T15:58:07.882Z" },
    { url = "https://files.pythonhosted.org/packages/cd/3f/64883a13d02363d05d7bf051a75979af81f9593184393c1601fc9564deac/toml_rs-0.2.2-cp313-cp313t-manylinux_2_17_s390x.manylinux2014_s390x.whl", hash = "sha256:49bcf9980073b23e4818c2965e4c0c89afbf6a9afad5ac0de26f9b761e35f921", size = 515023, upload-time = "2025-12-30T15:58:19.383Z" },
    { url = "https://files.pythonhosted.org/packages/88/c4/bbb8bd763b587b6a35402f560d7da056061749ae2beefc39a7ea94745ba3/toml_rs-0.2.2-cp313-cp313t-manylinux_2_17_x86_64.manylinux2014_x86_64.whl", hash = "sha256:90dcb0a41bde0428db74668f1bf325fba9a06001d9aa5111be57384ac199f8b8", size = 480312, upload-time = "2025-12-30T15:58:39.698Z" },
    { url = "https://files.pythonhosted.org/packages/03/3d/55c81faeb5e31da7e065622ca5f5874eb93308ddbdaf347c52f602938ea5/toml_rs-0.2.2-cp313-cp313t-manylinux_2_5_i686.manylinux1_i686.whl", hash = "sha256:e173c85f3aa03b1838440ef1eb756eb7dda1190393ba22814769ffa8ea2df75a", size = 505373, upload-time = "2025-12-30T15:58:30.489Z" },
    { url = "https://files.pythonhosted.org/packages/39/da/21cb0630371a842a5c529d20892e61035f49b9e8480cdb07ef354280d8d5/toml_rs-0.2.2-cp313-cp313t-musllinux_1_2_aarch64.whl", hash = "sha256:f58ae14f1184cb4caa1a2fa7720d3bf8b147585c78df4aaa76d9897eede1d619", size = 639182, upload-time = "2025-12-30T15:59:07.792Z" },
    { url = "https://files.pythonhosted.org/packages/50/22/1e0569c63d2a55a5d8a9ae00ffaccdb201ebfdc21e35f6a693c603831131/toml_rs-0.2.2-cp313-cp313t-musllinux_1_2_armv7l.whl", hash = "sha256:a43e26ebef48548c76260dae7f960df254fe6ddb3f8495e0aa4ada19d158cc0e", size = 738205, upload-time = "2025-12-30T15:59:18.537Z" },
    { url = "https://files.pythonhosted.org/packages/a2/ad/e7e5a6298b28075881f940df67b1c91011094a2de77dec94c1ea91b3f6e3/toml_rs-0.2.2-cp313-cp313t-musllinux_1_2_i686.whl", hash = "sha256:51e9412475b407c470da7dafae55029f253cff92216df5d87ff3e1d6054d7e46", size = 720248, upload-time = "2025-12-30T15:59:29.23Z" },
    { url = "https://files.pythonhosted.org/packages/45/55/621fd6dfc5cd703f36577c3bf2346a0be71617b33bba681ee3f196f4844d/toml_rs-0.2.2-cp313-cp313t-musllinux_1_2_x86_64.whl", hash = "sha256:f456ec2ecd36be53c39fc234e6b5ae081d1e145ce27c8afb01438f4b6b0d1d5c", size = 692718, upload-time = "2025-12-30T15:59:39.813Z" },
    { url = "https://files.pythonhosted.org/packages/c5/75/1657e17f2a955754cb34e5ecc99814334995acb08ce616c8b2fde234d501/toml_rs-0.2.2-cp313-cp313t-win32.whl", hash = "sha256:c6a88654b355ecbe4fdb7cf415dfbe20d0e335276dd25cbc9e32ff0b678288f6", size = 366083, upload-time = "2025-12-30T16:00:03.045Z" },
    { url = "https://files.pythonhosted.org/packages/a5/dc/732c38d684da7401b4b3da941e9ef36b2712925657eddedb12925e6fabbb/toml_rs-0.2.2-cp313-cp313t-win_amd64.whl", hash = "sha256:79c09a23a20a1d7b5b4edc70364375293e0dbac98bfec89f2c5eabd9d6d06005", size = 393487, upload-time = "2025-12-30T15:59:52.218Z" },
    { url = "https://files.pythonhosted.org/packages/09/0c/defac50922c97d9a5dfc1a58cebacf2877f001947387a7a8e3d490880370/toml_rs-0.2.2-cp314-cp314-macosx_10_12_x86_64.whl", hash = "sha256:204e7e91f08814d18105a92796f8f76051b1f667d9d2c767da63cc338d3d65be", size = 458710, upload-time = "2025-12-30T15:58:59.3Z" },
    { url = "https://files.pythonhosted.org/packages/2f/c3/3475259efecfcc31754896868b71c7ab729fa9ab70059d3479f3e1b47b5b/toml_rs-0.2.2-cp314-cp314-macosx_11_0_arm64.whl", hash = "sha256:6cd71088f07f95d1ae9e5f6e2ac387af3700883f247cdeffc43b1bdac415f8cf", size = 436090, upload-time = "2025-12-30T15:58:49.934Z" },
    { url = "https://files.pythonhosted.org/packages/7b/d8/a0c0c9cb38f3d5dd529b84a9d45be814fc4fac09ad3f032ed63abff5e05f/toml_rs-0.2.2-cp314-cp314-manylinux_2_17_aarch64.manylinux2014_aarch64.whl", hash = "sha256:663eb4c7af92a98a5c7d6aa9ad4ca617ed0b755357b391a38526c4b6ea84d39b", size = 465834, upload-time = "2025-12-30T15:57:46.218Z" },
    { url = "https://files.pythonhosted.org/packages/40/4c/b2534d2d9ea553aed588930e07e8ed8034ebca725fa6dca358ba919d83c0/toml_rs-0.2.2-cp314-cp314-manylinux_2_17_armv7l.manylinux2014_armv7l.whl", hash = "sha256:1db9b0580b8f1e8be350bf80bbb78d3e1c6d2f70ee6dc61793f3f527ff44615b", size = 429402, upload-time = "2025-12-30T15:57:58.793Z" },
    { url = "https://files.pythonhosted.org/packages/09/3f/00b97058e754b695f9c251fd9510cccb5c5a8fe89394e85e47d2db84d0de/toml_rs-0.2.2-cp314-cp314-manylinux_2_17_ppc64le.manylinux2014_ppc64le.whl", hash = "sha256:c9e1955b85bbd0ed44db6bb7955307c7d1de2b63d73c350189f09ef701338c88", size = 488277, upload-time = "2025-12-30T15:58:09.339Z" },
    { url = "https://files.pythonhosted.org/packages/02/40/58a8b2d887a027f85ca4f2bf6fe2919277c3994b0731944b44ba40697ca1/toml_rs-0.2.2-cp314-cp314-manylinux_2_17_s390x.manylinux2014_s390x.whl", hash = "sha256:cc2f66b3fa2bb67ee2a5b036a19677e1c44f2d15019ddbd23922302200a0d7f4", size = 518154, upload-time = "2025-12-30T15:58:20.562Z" },
    { url = "https://files.pythonhosted.org/packages/f4/84/c433d65f01920ededad25cdb001dd88280ec3218a37a587d153d9053c06a/toml_rs-0.2.2-cp314-cp314-manylinux_2_17_x86_64.manylinux2014_x86_64.whl", hash = "sha256:8da9ec490b6b3b5db73d3a2a60a41e0a22646c5896cc8f4dffdddc25b3494705", size = 482683, upload-time = "2025-12-30T15:58:40.946Z" },
    { url = "https://files.pythonhosted.org/packages/82/25/c492b9316aa2bc8c2f3ae0f807c9700fb543aa82133110aa179f4147c3a6/toml_rs-0.2.2-cp314-cp314-manylinux_2_5_i686.manylinux1_i686.whl", hash = "sha256:6adac1f5fe4e1deb20a73ca2beb92b2b5a3c67ba5138f627af46fee9d0fc8222", size = 507226, upload-time = "2025-12-30T15:58:31.552Z" },
    { url = "https://files.pythonhosted.org/packages/a3/dd/924fdaa508efe4bfc9961094b3a4292d08e76bb426ac143b048c8f0eae91/toml_rs-0.2.2-cp314-cp314-musllinux_1_2_aarch64.whl", hash = "sha256:1c15436a111c24abe75bac4c7d73048150e6d4d7ae4807e1e6a47dd8275bdc7d", size = 641842, upload-time = "2025-12-30T15:59:09.142Z" },
    { url = "https://files.pythonhosted.org/packages/71/c9/b1bb3ed450651dbd750e51d430c6bfb9951b1a5a9636907eeb94cae81171/toml_rs-0.2.2-cp314-cp314-musllinux_1_2_armv7l.whl", hash = "sha256:51517fcce100011537a033575adb52ef70292652f680ffeac29350ed9de598ec", size = 740458, upload-time = "2025-12-30T15:59:19.971Z" },
    { url = "https://files.pythonhosted.org/packages/02/9c/2c98cc80ac637a3de13974185a43ac79b5779d05d2dc526def0e6a43ec78/toml_rs-0.2.2-cp314-cp314-musllinux_1_2_i686.whl", hash = "sha256:4b6cf82a6b214add6f05c023cd639123f1c2121be3789b85bc454dabd70462a6", size = 722432, upload-time = "2025-12-30T15:59:30.499Z" },
    { url = "https://files.pythonhosted.org/packages/0b/de/125c185e178d5c1a74590b698634236c82e595e71835b329819e0926acd3/toml_rs-0.2.2-cp314-cp314-musllinux_1_2_x86_64.whl", hash = "sha256:ca3fdacb9297515b0d06db755724fbf5354d578eb1e8b0a9765a5f3ac4cc10a9", size = 695256, upload-time = "2025-12-30T15:59:41.022Z" },
    { url = "https://files.pythonhosted.org/packages/49/20/31c5955e72e6bdbad0d745d8a6c76291a2949134134b5043d65022160a8a/toml_rs-0.2.2-cp314-cp314-win32.whl", hash = "sha256:ae6f343bf9cbbaa544d080b8dbda87df52fb1047ca4e8cd2cd19988003899cb4", size = 367849, upload-time = "2025-12-30T16:00:05.28Z" },
    { url = "https://files.pythonhosted.org/packages/9b/fc/c5bdc06d9f5d1d4d12678cfac49381db59789528ca8dbc2e22ee4ccfbf1e/toml_rs-0.2.2-cp314-cp314-win_amd64.whl", hash = "sha256:c421ce761306c12227e41ed594eabb5e4659f997b3388f50089f7e25bd1b15c1", size = 395180, upload-time = "2025-12-30T15:59:53.775Z" },
    { url = "https://files.pythonhosted.org/packages/79/6a/d8299429c1ec9048c546287ec6cb8309346c9c177dd54839b2522a7f9036/toml_rs-0.2.2-cp314-cp314t-macosx_10_12_x86_64.whl", hash = "sha256:b7eeb171e63154536e9a3c7a61402d9182481f1ea7da9067d08107fff694b621", size = 457619, upload-time = "2025-12-30T15:59:00.352Z" },
    { url = "https://files.pythonhosted.org/packages/81/29/ee1d71fa475504fd0088b06016728eded20fd26c3068c6151573c23a1ca8/toml_rs-0.2.2-cp314-cp314t-macosx_11_0_arm64.whl", hash = "sha256:d5c2792cd87609cc629563f988986c5d07d672780151c1a1e663970f10fdd111", size = 433956, upload-time = "2025-12-30T15:58:51.013Z" },
    { url = "https://files.pythonhosted.org/packages/8f/79/ac703f00096486aa826a808720db05342d0f3b9f45d7d9cdf34601fca56a/toml_rs-0.2.2-cp314-cp314t-manylinux_2_17_aarch64.manylinux2014_aarch64.whl", hash = "sha256:686b3e50125a9fc6a340278cc27a570c3192a926c2df1c8dd91740a9711f4c69", size = 463191, upload-time = "2025-12-30T15:57:47.537Z" },
    { url = "https://files.pythonhosted.org/packages/40/ec/84ab9c2200b945425fb8db2d1923d7fb5cd61df652f940407c5799e5a7a9/toml_rs-0.2.2-cp314-cp314t-manylinux_2_17_armv7l.manylinux2014_armv7l.whl", hash = "sha256:951cef00fca58903b59e9e31de79eeaac215f517eb7d41b82e9443939d3fa54d", size = 428055, upload-time = "2025-12-30T15:57:59.814Z" },
    { url = "https://files.pythonhosted.org/packages/5d/0b/a201787c4b6ff0e02687d4d96f5e5977c31c85681dfcf447cbce4125ad72/toml_rs-0.2.2-cp314-cp314t-manylinux_2_17_ppc64le.manylinux2014_ppc64le.whl", hash = "sha256:c2bee4979b82c3ae484bf70e01fd4dabbe1408a63d768eed7c2585c0f9528b0d", size = 485885, upload-time = "2025-12-30T15:58:10.799Z" },
    { url = "https://files.pythonhosted.org/packages/25/31/07a63c7d7ca65d464c4352976d3c4292f6aff63987bf6f53b965201d3deb/toml_rs-0.2.2-cp314-cp314t-manylinux_2_17_s390x.manylinux2014_s390x.whl", hash = "sha256:f8305fd582ea63dc7798c17475c83933b2283544373f3e9cbe4595bad81a210a", size = 514898, upload-time = "2025-12-30T15:58:21.834Z" },
    { url = "https://files.pythonhosted.org/packages/39/18/9aa1bd4a41118f29166964f7b7365e91a3fc151dc0874de14fef1e9a7782/toml_rs-0.2.2-cp314-cp314t-manylinux_2_17_x86_64.manylinux2014_x86_64.whl", hash = "sha256:3342b01a5b9d288965536045ed539e3ce65e3e48b3e3999f8c444320040efc4d", size = 480295, upload-time = "2025-12-30T15:58:42.071Z" },
    { url = "https://files.pythonhosted.org/packages/d0/f4/35d4e3a3c372ddc1e5d616a2c61e381a76f13169c6eebf2dc5adb1169546/toml_rs-0.2.2-cp314-cp314t-manylinux_2_5_i686.manylinux1_i686.whl", hash = "sha256:5e7c72be28eeba495659cabd3e0a7f17fbec09a7b2d46420f7c5455875d93e68", size = 506236, upload-time = "2025-12-30T15:58:32.678Z" },
    { url = "https://files.pythonhosted.org/packages/b6/08/2ff4eb53dc51b78c4208dd395901cb3fc2c805b7aadf0f7f159a6f31f56d/toml_rs-0.2.2-cp314-cp314t-musllinux_1_2_aarch64.whl", hash = "sha256:f75a8386770501fb83929bd9d2ad90a14ae9bc47b0d03aeda6a6910a92bd3c4c", size = 639157, upload-time = "2025-12-30T15:59:11.114Z" },
    { url = "https://files.pythonhosted.org/packages/af/43/045efb6e5520d16cd31128429da7ce6de7d6a7e3a72ec59b78fd578bcb44/toml_rs-0.2.2-cp314-cp314t-musllinux_1_2_armv7l.whl", hash = "sha256:63b6dcad4f6202025e3a2ab65ef3dc3b11216bb085b420bf51e325ab8933d8b3", size = 738882, upload-time = "2025-12-30T15:59:21.121Z" },
    { url = "https://files.pythonhosted.org/packages/a0/e8/8fdfa2cce1f838e1d2e4df92d78646a34dbb9ec7300e21c9c283951a1a55/toml_rs-0.2.2-cp314-cp314t-musllinux_1_2_i686.whl", hash = "sha256:1a478c49e4914100f14b38c5d49895399c83a8b3585566f4183f7444aa3ce2fa", size = 720812, upload-time = "2025-12-30T15:59:31.645Z" },
    { url = "https://files.pythonhosted.org/packages/50/3c/0992340a5f21a3d8f1fe802573d0229bb7a2d114988b0b630a6d0a3c5407/toml_rs-0.2.2-cp314-cp314t-musllinux_1_2_x86_64.whl", hash = "sha256:16e8f9988ee0146ca64dd71402d5db704c726123faf90006ec38a766fe4bcd0f", size = 692788, upload-time = "2025-12-30T15:59:42.624Z" },
    { url = "https://files.pythonhosted.org/packages/58/07/621b2bb5c9c5daa55692d96a6ba051b5471cf0f91b2028af8205abe18c7e/toml_rs-0.2.2-cp314-cp314t-win32.whl", hash = "sha256:3e4efe34cf20b2b7469e868a36ceb6e7f03f2e1645bd01e64b1a6ec82c288327", size = 366305, upload-time = "2025-12-30T16:00:07.018Z" },
    { url = "https://files.pythonhosted.org/packages/b9/1a/0e66c037001432996772147eb03da0e5d14314c317a288687c170a4a597a/toml_rs-0.2.2-cp314-cp314t-win_amd64.whl", hash = "sha256:f5034b0ef623773dd7b8811194b1558007dcd34b071d4deb31651007b014a49d", size = 393210, upload-time = "2025-12-30T15:59:55.375Z" },
    { url = "https://files.pythonhosted.org/packages/fb/e2/16008b87d93abad92ad238d4081978bfae04965c232b8953e43e4bd8814f/toml_rs-0.2.2-pp311-pypy311_pp73-macosx_10_12_x86_64.whl", hash = "sha256:293fd2d51e9cbcb756511aa2c73c713bcdc7895a473929afa72986782f0cf06a", size = 460915, upload-time = "2025-12-30T15:59:01.8Z" },
    { url = "https://files.pythonhosted.org/packages/a8/0b/83e80b5dbffb8b2061c651806ace9c9227c90caa8c037ad7764b71b92d17/toml_rs-0.2.2-pp311-pypy311_pp73-macosx_11_0_arm64.whl", hash = "sha256:fc5921f928199013b4ee1ce1f63aa18d1e9b6f09f91d29166e715f30730dab8a", size = 437974, upload-time = "2025-12-30T15:58:52.03Z" },
    { url = "https://files.pythonhosted.org/packages/2f/5c/871ecfa59aa44a2cf8e45d5e2de5d10ed23f7d69f82c65dc682e338cf009/toml_rs-0.2.2-pp311-pypy311_pp73-manylinux_2_17_aarch64.manylinux2014_aarch64.whl", hash = "sha256:786b75c133ecd53e9a9969c69cb0ed53cdef18828e08b24add87f1b5c00b8708", size = 468068, upload-time = "2025-12-30T15:57:48.831Z" },
    { url = "https://files.pythonhosted.org/packages/e2/dc/d1725b210b666f12dc0ed038e3991aa08564090a52265279eab78e97fa80/toml_rs-0.2.2-pp311-pypy311_pp73-manylinux_2_17_armv7l.manylinux2014_armv7l.whl", hash = "sha256:308a8adb5aff408965789883006ec3932f3c8b158e36532366f2b51ce1254d48", size = 431923, upload-time = "2025-12-30T15:58:01.421Z" },
    { url = "https://files.pythonhosted.org/packages/30/cd/19227ce36b1fa5a5bee3f55f4f04799fba5d288fcf6ec2e856be57e4ec59/toml_rs-0.2.2-pp311-pypy311_pp73-manylinux_2_17_ppc64le.manylinux2014_ppc64le.whl", hash = "sha256:895ce74ee67f99727bd5783a63809260cdacdd657daffcf2b26538275f9871b9", size = 490886, upload-time = "2025-12-30T15:58:12.537Z" },
    { url = "https://files.pythonhosted.org/packages/2e/94/c77f51baf0116accaf7146cf405f7ccb5032d988d3d24586a3737b2c4128/toml_rs-0.2.2-pp311-pypy311_pp73-manylinux_2_17_s390x.manylinux2014_s390x.whl", hash = "sha256:281f6579d12c7a4794e9a521595ad66478269784ba8b6979c38f3c95bbdcf8a9", size = 520570, upload-time = "2025-12-30T15:58:23.94Z" },
    { url = "https://files.pythonhosted.org/packages/f2/d3/d02315096f8a56ab0a2d8ea0c153924bda429dc02efdc39bb8b73f39e2ed/toml_rs-0.2.2-pp311-pypy311_pp73-manylinux_2_17_x86_64.manylinux2014_x86_64.whl", hash = "sha256:c2b302a4e942c66999143b2c422f201822a9fa88117b6787bf5254f1cd68a795", size = 484364, upload-time = "2025-12-30T15:58:43.078Z" },
    { url = "https://files.pythonhosted.org/packages/56/95/67dd05523a39b5c7355293f0f5a6989cae9eed63aaf84e88cd5f65fbc5d3/toml_rs-0.2.2-pp311-pypy311_pp73-manylinux_2_5_i686.manylinux1_i686.whl", hash = "sha256:bf4d42a054f2d09b33a0ac512cf0f6582fa6e76b4148cdf51230ede916dc16be", size = 509989, upload-time = "2025-12-30T15:58:33.685Z" },
    { url = "https://files.pythonhosted.org/packages/5a/33/2b541e5fc9170cf088f320e6dbf10d8af440673b419a93fbbc1f1992c719/toml_rs-0.2.2-pp311-pypy311_pp73-musllinux_1_2_aarch64.whl", hash = "sha256:a57d267f6f642fb5304966263b3dcf2259d83740b4c59b214e6009bd5ed41d7a", size = 643631, upload-time = "2025-12-30T15:59:12.34Z" },
    { url = "https://files.pythonhosted.org/packages/e6/1a/ef0fcfcdf354a911218251cc06ae58973c439b3794831a5fbc5c77f95301/toml_rs-0.2.2-pp311-pypy311_pp73-musllinux_1_2_armv7l.whl", hash = "sha256:a482fc995bbb06c0fb17114da063c0c89a0da3867ea682fb5516a547eb3b0822", size = 742873, upload-time = "2025-12-30T15:59:22.529Z" },
    { url = "https://files.pythonhosted.org/packages/22/20/a59c8ade8ebf5c5bca02680e20b693c5570bde19dbc67bfbcaf2027969bd/toml_rs-0.2.2-pp311-pypy311_pp73-musllinux_1_2_i686.whl", hash = "sha256:b52d27a70e0a404317468a3ce5715b4d0b55c3d16d11166cba91e51940dd8b86", size = 724438, upload-time = "2025-12-30T15:59:33.231Z" },
    { url = "https://files.pythonhosted.org/packages/8c/95/3528ca41388d2e4d911cb583bd54c4b02b3677fe71e82107d5d5a59156eb/toml_rs-0.2.2-pp311-pypy311_pp73-musllinux_1_2_x86_64.whl", hash = "sha256:4968014903f2cb36c03b862dd77ec83d8687a8fd748b0d0a854a959257dc3671", size = 696675, upload-time = "2025-12-30T15:59:44.196Z" },
    { url = "https://files.pythonhosted.org/packages/3e/11/c95270037c25f8b6bc35a61fea6ea256aec7bcce46bbe47e13ae563caca4/toml_rs-0.2.2-pp311-pypy311_pp73-win_amd64.whl", hash = "sha256:8a14e9eee5d07845a2864bdd7d92c070abf6e375cf79036e368fdb18f906b4d7", size = 396667, upload-time = "2025-12-30T15:59:56.499Z" },
]
